
Microsoft Visual Studio Solution File, Format Version 12.00
# Visual Studio Version 17
VisualStudioVersion = 17.6.33815.320
MinimumVisualStudioVersion = 10.0.40219.1
Project("{FAE04EC0-301F-11D3-BF4B-00C04F79EFBC}") = "GenericClassesTo Perform CRUDOperations", "GenericClassesTo Perform CRUDOperations\GenericClassesTo Perform CRUDOperations.csproj", "{88C31C92-9FA1-457E-ACB4-87BC3FA858FB}"
EndProject
Global
	GlobalSection(SolutionConfigurationPlatforms) = preSolution
		Debug|Any CPU = Debug|Any CPU
		Release|Any CPU = Release|Any CPU
	EndGlobalSection
	GlobalSection(ProjectConfigurationPlatforms) = postSolution
		{88C31C92-9FA1-457E-ACB4-87BC3FA858FB}.Debug|Any CPU.ActiveCfg = Debug|Any CPU
		{88C31C92-9FA1-457E-ACB4-87BC3FA858FB}.Debug|Any CPU.Build.0 = Debug|Any CPU
		{88C31C92-9FA1-457E-ACB4-87BC3FA858FB}.Release|Any CPU.ActiveCfg = Release|Any CPU
		{88C31C92-9FA1-457E-ACB4-87BC3FA858FB}.Release|Any CPU.Build.0 = Release|Any CPU
	EndGlobalSection
	GlobalSection(SolutionProperties) = preSolution
		HideSolutionNode = FALSE
	EndGlobalSection
	GlobalSection(ExtensibilityGlobals) = postSolution
		SolutionGuid = {43B23823-2829-4F01-895A-2E2F081C10F9}
	EndGlobalSection
EndGlobal
